// !$*UTF8*$!
{
	archiveVersion = 1;
	classes = {
	};
	objectVersion = 46;
	objects = {

/* Begin PBXBuildFile section */
		DC1205C91AC872BA00302F0D /* FMSScoreTableViewController.m in Sources */ = {isa = PBXBuildFile; fileRef = DC1205C71AC872BA00302F0D /* FMSScoreTableViewController.m */; };
		DC1205CA1AC872BA00302F0D /* FMSScoreTableViewController.xib in Resources */ = {isa = PBXBuildFile; fileRef = DC1205C81AC872BA00302F0D /* FMSScoreTableViewController.xib */; };
		DC124FCB1A86831400083D12 /* FMSTabooDBManager.m in Sources */ = {isa = PBXBuildFile; fileRef = DC124FCA1A86831400083D12 /* FMSTabooDBManager.m */; };
		DC124FCF1A86833200083D12 /* FMSPreQuickPlayViewController.m in Sources */ = {isa = PBXBuildFile; fileRef = DC124FCD1A86833200083D12 /* FMSPreQuickPlayViewController.m */; };
		DC124FD01A86833200083D12 /* FMSPreQuickPlayViewController.xib in Resources */ = {isa = PBXBuildFile; fileRef = DC124FCE1A86833200083D12 /* FMSPreQuickPlayViewController.xib */; };
		DC124FD41A86834200083D12 /* FMSWelcomeViewController.m in Sources */ = {isa = PBXBuildFile; fileRef = DC124FD21A86834200083D12 /* FMSWelcomeViewController.m */; };
		DC124FD51A86834200083D12 /* FMSWelcomeViewController.xib in Resources */ = {isa = PBXBuildFile; fileRef = DC124FD31A86834200083D12 /* FMSWelcomeViewController.xib */; };
		DC5AF52A1A92503B009162DF /* FMSCustomGameViewController.m in Sources */ = {isa = PBXBuildFile; fileRef = DC5AF5281A92503B009162DF /* FMSCustomGameViewController.m */; };
		DC5AF52B1A92503B009162DF /* FMSCustomGameViewController.xib in Resources */ = {isa = PBXBuildFile; fileRef = DC5AF5291A92503B009162DF /* FMSCustomGameViewController.xib */; };
		DC7827A31A6C093D001D416A /* main.m in Sources */ = {isa = PBXBuildFile; fileRef = DC7827A21A6C093D001D416A /* main.m */; };
		DC7827A61A6C093D001D416A /* AppDelegate.m in Sources */ = {isa = PBXBuildFile; fileRef = DC7827A51A6C093D001D416A /* AppDelegate.m */; };
		DC7827AE1A6C093D001D416A /* Images.xcassets in Resources */ = {isa = PBXBuildFile; fileRef = DC7827AD1A6C093D001D416A /* Images.xcassets */; };
		DC7827BD1A6C093D001D416A /* TabuTests.m in Sources */ = {isa = PBXBuildFile; fileRef = DC7827BC1A6C093D001D416A /* TabuTests.m */; };
		DC8BDD5E1A8648E500F7FF24 /* FMSPlayViewController.m in Sources */ = {isa = PBXBuildFile; fileRef = DC8BDD5C1A8648E500F7FF24 /* FMSPlayViewController.m */; };
		DC8BDD5F1A8648E500F7FF24 /* FMSPlayViewController.xib in Resources */ = {isa = PBXBuildFile; fileRef = DC8BDD5D1A8648E500F7FF24 /* FMSPlayViewController.xib */; };
		DC8BDD6B1A8676B900F7FF24 /* Default-568h@2x.png in Resources */ = {isa = PBXBuildFile; fileRef = DC8BDD6A1A8676B900F7FF24 /* Default-568h@2x.png */; };
		DCA142BF1A965AA800C8826C /* FMSCustomGame.m in Sources */ = {isa = PBXBuildFile; fileRef = DCA142BE1A965AA800C8826C /* FMSCustomGame.m */; };
		DCD173EB1A7EA5350099BFE9 /* FMSScoreViewController.m in Sources */ = {isa = PBXBuildFile; fileRef = DCD173E91A7EA5350099BFE9 /* FMSScoreViewController.m */; };
		DCD173EC1A7EA5350099BFE9 /* FMSScoreViewController.xib in Resources */ = {isa = PBXBuildFile; fileRef = DCD173EA1A7EA5350099BFE9 /* FMSScoreViewController.xib */; };
		DCD173EE1A83E5AA0099BFE9 /* libsqlite3.dylib in Frameworks */ = {isa = PBXBuildFile; fileRef = DCD173ED1A83E5AA0099BFE9 /* libsqlite3.dylib */; };
		DCD173F31A83ED130099BFE9 /* taboo.db in Resources */ = {isa = PBXBuildFile; fileRef = DCD173F21A83ED130099BFE9 /* taboo.db */; };
		DCD173F61A83FE960099BFE9 /* FMSTabooCard.m in Sources */ = {isa = PBXBuildFile; fileRef = DCD173F51A83FE960099BFE9 /* FMSTabooCard.m */; };
		DCD173F81A86369F0099BFE9 /* taboo.sql in Resources */ = {isa = PBXBuildFile; fileRef = DCD173F71A86369F0099BFE9 /* taboo.sql */; };
		DCF814631A8BCB8500D1D14F /* FMSCountdownViewController.m in Sources */ = {isa = PBXBuildFile; fileRef = DCF814611A8BCB8500D1D14F /* FMSCountdownViewController.m */; };
		DCF814641A8BCB8500D1D14F /* FMSCountdownViewController.xib in Resources */ = {isa = PBXBuildFile; fileRef = DCF814621A8BCB8500D1D14F /* FMSCountdownViewController.xib */; };
/* End PBXBuildFile section */

/* Begin PBXContainerItemProxy section */
		DC7827B71A6C093D001D416A /* PBXContainerItemProxy */ = {
			isa = PBXContainerItemProxy;
			containerPortal = DC7827951A6C093D001D416A /* Project object */;
			proxyType = 1;
			remoteGlobalIDString = DC78279C1A6C093D001D416A;
			remoteInfo = Tabu;
		};
/* End PBXContainerItemProxy section */

/* Begin PBXFileReference section */
		DC1205C61AC872BA00302F0D /* FMSScoreTableViewController.h */ = {isa = PBXFileReference; fileEncoding = 4; lastKnownFileType = sourcecode.c.h; path = FMSScoreTableViewController.h; sourceTree = "<group>"; };
		DC1205C71AC872BA00302F0D /* FMSScoreTableViewController.m */ = {isa = PBXFileReference; fileEncoding = 4; lastKnownFileType = sourcecode.c.objc; path = FMSScoreTableViewController.m; sourceTree = "<group>"; };
		DC1205C81AC872BA00302F0D /* FMSScoreTableViewController.xib */ = {isa = PBXFileReference; fileEncoding = 4; lastKnownFileType = file.xib; path = FMSScoreTableViewController.xib; sourceTree = "<group>"; };
		DC124FC91A86831400083D12 /* FMSTabooDBManager.h */ = {isa = PBXFileReference; fileEncoding = 4; lastKnownFileType = sourcecode.c.h; path = FMSTabooDBManager.h; sourceTree = "<group>"; };
		DC124FCA1A86831400083D12 /* FMSTabooDBManager.m */ = {isa = PBXFileReference; fileEncoding = 4; lastKnownFileType = sourcecode.c.objc; path = FMSTabooDBManager.m; sourceTree = "<group>"; };
		DC124FCC1A86833200083D12 /* FMSPreQuickPlayViewController.h */ = {isa = PBXFileReference; fileEncoding = 4; lastKnownFileType = sourcecode.c.h; path = FMSPreQuickPlayViewController.h; sourceTree = "<group>"; };
		DC124FCD1A86833200083D12 /* FMSPreQuickPlayViewController.m */ = {isa = PBXFileReference; fileEncoding = 4; lastKnownFileType = sourcecode.c.objc; path = FMSPreQuickPlayViewController.m; sourceTree = "<group>"; };
		DC124FCE1A86833200083D12 /* FMSPreQuickPlayViewController.xib */ = {isa = PBXFileReference; fileEncoding = 4; lastKnownFileType = file.xib; path = FMSPreQuickPlayViewController.xib; sourceTree = "<group>"; };
		DC124FD11A86834200083D12 /* FMSWelcomeViewController.h */ = {isa = PBXFileReference; fileEncoding = 4; lastKnownFileType = sourcecode.c.h; path = FMSWelcomeViewController.h; sourceTree = "<group>"; };
		DC124FD21A86834200083D12 /* FMSWelcomeViewController.m */ = {isa = PBXFileReference; fileEncoding = 4; lastKnownFileType = sourcecode.c.objc; path = FMSWelcomeViewController.m; sourceTree = "<group>"; };
		DC124FD31A86834200083D12 /* FMSWelcomeViewController.xib */ = {isa = PBXFileReference; fileEncoding = 4; lastKnownFileType = file.xib; path = FMSWelcomeViewController.xib; sourceTree = "<group>"; };
		DC5AF5271A92503B009162DF /* FMSCustomGameViewController.h */ = {isa = PBXFileReference; fileEncoding = 4; lastKnownFileType = sourcecode.c.h; path = FMSCustomGameViewController.h; sourceTree = "<group>"; };
		DC5AF5281A92503B009162DF /* FMSCustomGameViewController.m */ = {isa = PBXFileReference; fileEncoding = 4; lastKnownFileType = sourcecode.c.objc; path = FMSCustomGameViewController.m; sourceTree = "<group>"; };
		DC5AF5291A92503B009162DF /* FMSCustomGameViewController.xib */ = {isa = PBXFileReference; fileEncoding = 4; lastKnownFileType = file.xib; path = FMSCustomGameViewController.xib; sourceTree = "<group>"; };
		DC78279D1A6C093D001D416A /* Tabu.app */ = {isa = PBXFileReference; explicitFileType = wrapper.application; includeInIndex = 0; path = Tabu.app; sourceTree = BUILT_PRODUCTS_DIR; };
		DC7827A11A6C093D001D416A /* Info.plist */ = {isa = PBXFileReference; lastKnownFileType = text.plist.xml; path = Info.plist; sourceTree = "<group>"; };
		DC7827A21A6C093D001D416A /* main.m */ = {isa = PBXFileReference; lastKnownFileType = sourcecode.c.objc; path = main.m; sourceTree = "<group>"; };
		DC7827A41A6C093D001D416A /* AppDelegate.h */ = {isa = PBXFileReference; lastKnownFileType = sourcecode.c.h; path = AppDelegate.h; sourceTree = "<group>"; };
		DC7827A51A6C093D001D416A /* AppDelegate.m */ = {isa = PBXFileReference; lastKnownFileType = sourcecode.c.objc; path = AppDelegate.m; sourceTree = "<group>"; };
		DC7827AD1A6C093D001D416A /* Images.xcassets */ = {isa = PBXFileReference; lastKnownFileType = folder.assetcatalog; path = Images.xcassets; sourceTree = "<group>"; };
		DC7827B61A6C093D001D416A /* TabuTests.xctest */ = {isa = PBXFileReference; explicitFileType = wrapper.cfbundle; includeInIndex = 0; path = TabuTests.xctest; sourceTree = BUILT_PRODUCTS_DIR; };
		DC7827BB1A6C093D001D416A /* Info.plist */ = {isa = PBXFileReference; lastKnownFileType = text.plist.xml; path = Info.plist; sourceTree = "<group>"; };
		DC7827BC1A6C093D001D416A /* TabuTests.m */ = {isa = PBXFileReference; lastKnownFileType = sourcecode.c.objc; path = TabuTests.m; sourceTree = "<group>"; };
		DC8BDD5B1A8648E500F7FF24 /* FMSPlayViewController.h */ = {isa = PBXFileReference; fileEncoding = 4; lastKnownFileType = sourcecode.c.h; path = FMSPlayViewController.h; sourceTree = "<group>"; };
		DC8BDD5C1A8648E500F7FF24 /* FMSPlayViewController.m */ = {isa = PBXFileReference; fileEncoding = 4; lastKnownFileType = sourcecode.c.objc; path = FMSPlayViewController.m; sourceTree = "<group>"; };
		DC8BDD5D1A8648E500F7FF24 /* FMSPlayViewController.xib */ = {isa = PBXFileReference; fileEncoding = 4; lastKnownFileType = file.xib; path = FMSPlayViewController.xib; sourceTree = "<group>"; };
		DC8BDD6A1A8676B900F7FF24 /* Default-568h@2x.png */ = {isa = PBXFileReference; lastKnownFileType = image.png; path = "Default-568h@2x.png"; sourceTree = "<group>"; };
		DCA142BD1A965AA800C8826C /* FMSCustomGame.h */ = {isa = PBXFileReference; fileEncoding = 4; lastKnownFileType = sourcecode.c.h; path = FMSCustomGame.h; sourceTree = "<group>"; };
		DCA142BE1A965AA800C8826C /* FMSCustomGame.m */ = {isa = PBXFileReference; fileEncoding = 4; lastKnownFileType = sourcecode.c.objc; path = FMSCustomGame.m; sourceTree = "<group>"; };
		DCD173E81A7EA5350099BFE9 /* FMSScoreViewController.h */ = {isa = PBXFileReference; fileEncoding = 4; lastKnownFileType = sourcecode.c.h; path = FMSScoreViewController.h; sourceTree = "<group>"; };
		DCD173E91A7EA5350099BFE9 /* FMSScoreViewController.m */ = {isa = PBXFileReference; fileEncoding = 4; lastKnownFileType = sourcecode.c.objc; path = FMSScoreViewController.m; sourceTree = "<group>"; };
		DCD173EA1A7EA5350099BFE9 /* FMSScoreViewController.xib */ = {isa = PBXFileReference; fileEncoding = 4; lastKnownFileType = file.xib; path = FMSScoreViewController.xib; sourceTree = "<group>"; };
		DCD173ED1A83E5AA0099BFE9 /* libsqlite3.dylib */ = {isa = PBXFileReference; lastKnownFileType = "compiled.mach-o.dylib"; name = libsqlite3.dylib; path = usr/lib/libsqlite3.dylib; sourceTree = SDKROOT; };
		DCD173F21A83ED130099BFE9 /* taboo.db */ = {isa = PBXFileReference; fileEncoding = 4; lastKnownFileType = text; path = taboo.db; sourceTree = "<group>"; };
		DCD173F41A83FE960099BFE9 /* FMSTabooCard.h */ = {isa = PBXFileReference; fileEncoding = 4; lastKnownFileType = sourcecode.c.h; path = FMSTabooCard.h; sourceTree = "<group>"; };
		DCD173F51A83FE960099BFE9 /* FMSTabooCard.m */ = {isa = PBXFileReference; fileEncoding = 4; lastKnownFileType = sourcecode.c.objc; path = FMSTabooCard.m; sourceTree = "<group>"; };
		DCD173F71A86369F0099BFE9 /* taboo.sql */ = {isa = PBXFileReference; fileEncoding = 4; lastKnownFileType = text; path = taboo.sql; sourceTree = "<group>"; };
		DCF814601A8BCB8500D1D14F /* FMSCountdownViewController.h */ = {isa = PBXFileReference; fileEncoding = 4; lastKnownFileType = sourcecode.c.h; path = FMSCountdownViewController.h; sourceTree = "<group>"; };
		DCF814611A8BCB8500D1D14F /* FMSCountdownViewController.m */ = {isa = PBXFileReference; fileEncoding = 4; lastKnownFileType = sourcecode.c.objc; path = FMSCountdownViewController.m; sourceTree = "<group>"; };
		DCF814621A8BCB8500D1D14F /* FMSCountdownViewController.xib */ = {isa = PBXFileReference; fileEncoding = 4; lastKnownFileType = file.xib; path = FMSCountdownViewController.xib; sourceTree = "<group>"; };
/* End PBXFileReference section */

/* Begin PBXFrameworksBuildPhase section */
		DC78279A1A6C093D001D416A /* Frameworks */ = {
			isa = PBXFrameworksBuildPhase;
			buildActionMask = 2147483647;
			files = (
				DCD173EE1A83E5AA0099BFE9 /* libsqlite3.dylib in Frameworks */,
			);
			runOnlyForDeploymentPostprocessing = 0;
		};
		DC7827B31A6C093D001D416A /* Frameworks */ = {
			isa = PBXFrameworksBuildPhase;
			buildActionMask = 2147483647;
			files = (
			);
			runOnlyForDeploymentPostprocessing = 0;
		};
/* End PBXFrameworksBuildPhase section */

/* Begin PBXGroup section */
		DC7827941A6C093D001D416A = {
			isa = PBXGroup;
			children = (
				DC8BDD6A1A8676B900F7FF24 /* Default-568h@2x.png */,
				DCD173ED1A83E5AA0099BFE9 /* libsqlite3.dylib */,
				DC78279F1A6C093D001D416A /* Tabu */,
				DC7827B91A6C093D001D416A /* TabuTests */,
				DC78279E1A6C093D001D416A /* Products */,
			);
			sourceTree = "<group>";
		};
		DC78279E1A6C093D001D416A /* Products */ = {
			isa = PBXGroup;
			children = (
				DC78279D1A6C093D001D416A /* Tabu.app */,
				DC7827B61A6C093D001D416A /* TabuTests.xctest */,
			);
			name = Products;
			sourceTree = "<group>";
		};
		DC78279F1A6C093D001D416A /* Tabu */ = {
			isa = PBXGroup;
			children = (
				DC7827A41A6C093D001D416A /* AppDelegate.h */,
				DC7827A51A6C093D001D416A /* AppDelegate.m */,
				DC124FCC1A86833200083D12 /* FMSPreQuickPlayViewController.h */,
				DC124FCD1A86833200083D12 /* FMSPreQuickPlayViewController.m */,
				DC124FCE1A86833200083D12 /* FMSPreQuickPlayViewController.xib */,
				DCF814601A8BCB8500D1D14F /* FMSCountdownViewController.h */,
				DCF814611A8BCB8500D1D14F /* FMSCountdownViewController.m */,
				DCF814621A8BCB8500D1D14F /* FMSCountdownViewController.xib */,
				DC8BDD5B1A8648E500F7FF24 /* FMSPlayViewController.h */,
				DC8BDD5C1A8648E500F7FF24 /* FMSPlayViewController.m */,
				DC8BDD5D1A8648E500F7FF24 /* FMSPlayViewController.xib */,
				DCD173E81A7EA5350099BFE9 /* FMSScoreViewController.h */,
				DCD173E91A7EA5350099BFE9 /* FMSScoreViewController.m */,
				DCD173EA1A7EA5350099BFE9 /* FMSScoreViewController.xib */,
				DC1205C61AC872BA00302F0D /* FMSScoreTableViewController.h */,
				DC1205C71AC872BA00302F0D /* FMSScoreTableViewController.m */,
				DC1205C81AC872BA00302F0D /* FMSScoreTableViewController.xib */,
				DC124FC91A86831400083D12 /* FMSTabooDBManager.h */,
				DC124FCA1A86831400083D12 /* FMSTabooDBManager.m */,
				DCD173F41A83FE960099BFE9 /* FMSTabooCard.h */,
				DCD173F51A83FE960099BFE9 /* FMSTabooCard.m */,
				DCA142BD1A965AA800C8826C /* FMSCustomGame.h */,
				DCA142BE1A965AA800C8826C /* FMSCustomGame.m */,
				DC124FD11A86834200083D12 /* FMSWelcomeViewController.h */,
				DC124FD21A86834200083D12 /* FMSWelcomeViewController.m */,
				DC124FD31A86834200083D12 /* FMSWelcomeViewController.xib */,
				DC5AF5271A92503B009162DF /* FMSCustomGameViewController.h */,
				DC5AF5281A92503B009162DF /* FMSCustomGameViewController.m */,
				DC5AF5291A92503B009162DF /* FMSCustomGameViewController.xib */,
				DC7827AD1A6C093D001D416A /* Images.xcassets */,
				DC7827A01A6C093D001D416A /* Supporting Files */,
				DCD173F21A83ED130099BFE9 /* taboo.db */,
				DCD173F71A86369F0099BFE9 /* taboo.sql */,
			);
			path = Tabu;
			sourceTree = "<group>";
		};
		DC7827A01A6C093D001D416A /* Supporting Files */ = {
			isa = PBXGroup;
			children = (
				DC7827A11A6C093D001D416A /* Info.plist */,
				DC7827A21A6C093D001D416A /* main.m */,
			);
			name = "Supporting Files";
			sourceTree = "<group>";
		};
		DC7827B91A6C093D001D416A /* TabuTests */ = {
			isa = PBXGroup;
			children = (
				DC7827BC1A6C093D001D416A /* TabuTests.m */,
				DC7827BA1A6C093D001D416A /* Supporting Files */,
			);
			path = TabuTests;
			sourceTree = "<group>";
		};
		DC7827BA1A6C093D001D416A /* Supporting Files */ = {
			isa = PBXGroup;
			children = (
				DC7827BB1A6C093D001D416A /* Info.plist */,
			);
			name = "Supporting Files";
			sourceTree = "<group>";
		};
/* End PBXGroup section */

/* Begin PBXNativeTarget section */
		DC78279C1A6C093D001D416A /* Tabu */ = {
			isa = PBXNativeTarget;
			buildConfigurationList = DC7827C01A6C093D001D416A /* Build configuration list for PBXNativeTarget "Tabu" */;
			buildPhases = (
				DC7827991A6C093D001D416A /* Sources */,
				DC78279A1A6C093D001D416A /* Frameworks */,
				DC78279B1A6C093D001D416A /* Resources */,
			);
			buildRules = (
			);
			dependencies = (
			);
			name = Tabu;
			productName = Tabu;
			productReference = DC78279D1A6C093D001D416A /* Tabu.app */;
			productType = "com.apple.product-type.application";
		};
		DC7827B51A6C093D001D416A /* TabuTests */ = {
			isa = PBXNativeTarget;
			buildConfigurationList = DC7827C31A6C093D001D416A /* Build configuration list for PBXNativeTarget "TabuTests" */;
			buildPhases = (
				DC7827B21A6C093D001D416A /* Sources */,
				DC7827B31A6C093D001D416A /* Frameworks */,
				DC7827B41A6C093D001D416A /* Resources */,
			);
			buildRules = (
			);
			dependencies = (
				DC7827B81A6C093D001D416A /* PBXTargetDependency */,
			);
			name = TabuTests;
			productName = TabuTests;
			productReference = DC7827B61A6C093D001D416A /* TabuTests.xctest */;
			productType = "com.apple.product-type.bundle.unit-test";
		};
/* End PBXNativeTarget section */

/* Begin PBXProject section */
		DC7827951A6C093D001D416A /* Project object */ = {
			isa = PBXProject;
			attributes = {
				LastUpgradeCheck = 0610;
				ORGANIZATIONNAME = fmsanjuan;
				TargetAttributes = {
					DC78279C1A6C093D001D416A = {
						CreatedOnToolsVersion = 6.1.1;
					};
					DC7827B51A6C093D001D416A = {
						CreatedOnToolsVersion = 6.1.1;
						TestTargetID = DC78279C1A6C093D001D416A;
					};
				};
			};
			buildConfigurationList = DC7827981A6C093D001D416A /* Build configuration list for PBXProject "Tabu" */;
			compatibilityVersion = "Xcode 3.2";
			developmentRegion = English;
			hasScannedForEncodings = 0;
			knownRegions = (
				en,
				Base,
			);
			mainGroup = DC7827941A6C093D001D416A;
			productRefGroup = DC78279E1A6C093D001D416A /* Products */;
			projectDirPath = "";
			projectRoot = "";
			targets = (
				DC78279C1A6C093D001D416A /* Tabu */,
				DC7827B51A6C093D001D416A /* TabuTests */,
			);
		};
/* End PBXProject section */

/* Begin PBXResourcesBuildPhase section */
		DC78279B1A6C093D001D416A /* Resources */ = {
			isa = PBXResourcesBuildPhase;
			buildActionMask = 2147483647;
			files = (
				DCD173EC1A7EA5350099BFE9 /* FMSScoreViewController.xib in Resources */,
				DC124FD01A86833200083D12 /* FMSPreQuickPlayViewController.xib in Resources */,
				DCF814641A8BCB8500D1D14F /* FMSCountdownViewController.xib in Resources */,
				DCD173F81A86369F0099BFE9 /* taboo.sql in Resources */,
				DC5AF52B1A92503B009162DF /* FMSCustomGameViewController.xib in Resources */,
				DCD173F31A83ED130099BFE9 /* taboo.db in Resources */,
				DC8BDD5F1A8648E500F7FF24 /* FMSPlayViewController.xib in Resources */,
				DC1205CA1AC872BA00302F0D /* FMSScoreTableViewController.xib in Resources */,
				DC8BDD6B1A8676B900F7FF24 /* Default-568h@2x.png in Resources */,
				DC124FD51A86834200083D12 /* FMSWelcomeViewController.xib in Resources */,
				DC7827AE1A6C093D001D416A /* Images.xcassets in Resources */,
			);
			runOnlyForDeploymentPostprocessing = 0;
		};
		DC7827B41A6C093D001D416A /* Resources */ = {
			isa = PBXResourcesBuildPhase;
			buildActionMask = 2147483647;
			files = (
			);
			runOnlyForDeploymentPostprocessing = 0;
		};
/* End PBXResourcesBuildPhase section */

/* Begin PBXSourcesBuildPhase section */
		DC7827991A6C093D001D416A /* Sources */ = {
			isa = PBXSourcesBuildPhase;
			buildActionMask = 2147483647;
			files = (
				DC124FD41A86834200083D12 /* FMSWelcomeViewController.m in Sources */,
				DCD173F61A83FE960099BFE9 /* FMSTabooCard.m in Sources */,
				DCF814631A8BCB8500D1D14F /* FMSCountdownViewController.m in Sources */,
				DCD173EB1A7EA5350099BFE9 /* FMSScoreViewController.m in Sources */,
				DC5AF52A1A92503B009162DF /* FMSCustomGameViewController.m in Sources */,
				DC124FCB1A86831400083D12 /* FMSTabooDBManager.m in Sources */,
				DC8BDD5E1A8648E500F7FF24 /* FMSPlayViewController.m in Sources */,
				DC7827A61A6C093D001D416A /* AppDelegate.m in Sources */,
				DCA142BF1A965AA800C8826C /* FMSCustomGame.m in Sources */,
				DC1205C91AC872BA00302F0D /* FMSScoreTableViewController.m in Sources */,
				DC7827A31A6C093D001D416A /* main.m in Sources */,
				DC124FCF1A86833200083D12 /* FMSPreQuickPlayViewController.m in Sources */,
			);
			runOnlyForDeploymentPostprocessing = 0;
		};
		DC7827B21A6C093D001D416A /* Sources */ = {
			isa = PBXSourcesBuildPhase;
			buildActionMask = 2147483647;
			files = (
				DC7827BD1A6C093D001D416A /* TabuTests.m in Sources */,
			);
			runOnlyForDeploymentPostprocessing = 0;
		};
/* End PBXSourcesBuildPhase section */

/* Begin PBXTargetDependency section */
		DC7827B81A6C093D001D416A /* PBXTargetDependency */ = {
			isa = PBXTargetDependency;
			target = DC78279C1A6C093D001D416A /* Tabu */;
			targetProxy = DC7827B71A6C093D001D416A /* PBXContainerItemProxy */;
		};
/* End PBXTargetDependency section */

/* Begin XCBuildConfiguration section */
		DC7827BE1A6C093D001D416A /* Debug */ = {
			isa = XCBuildConfiguration;
			buildSettings = {
				ALWAYS_SEARCH_USER_PATHS = NO;
				CLANG_CXX_LANGUAGE_STANDARD = "gnu++0x";
				CLANG_CXX_LIBRARY = "libc++";
				CLANG_ENABLE_MODULES = YES;
				CLANG_ENABLE_OBJC_ARC = YES;
				CLANG_WARN_BOOL_CONVERSION = YES;
				CLANG_WARN_CONSTANT_CONVERSION = YES;
				CLANG_WARN_DIRECT_OBJC_ISA_USAGE = YES_ERROR;
				CLANG_WARN_EMPTY_BODY = YES;
				CLANG_WARN_ENUM_CONVERSION = YES;
				CLANG_WARN_INT_CONVERSION = YES;
				CLANG_WARN_OBJC_ROOT_CLASS = YES_ERROR;
				CLANG_WARN_UNREACHABLE_CODE = YES;
				CLANG_WARN__DUPLICATE_METHOD_MATCH = YES;
				"CODE_SIGN_IDENTITY[sdk=iphoneos*]" = "iPhone Developer";
				COPY_PHASE_STRIP = NO;
				ENABLE_STRICT_OBJC_MSGSEND = YES;
				GCC_C_LANGUAGE_STANDARD = gnu99;
				GCC_DYNAMIC_NO_PIC = NO;
				GCC_OPTIMIZATION_LEVEL = 0;
				GCC_PREPROCESSOR_DEFINITIONS = (
					"DEBUG=1",
					"$(inherited)",
				);
				GCC_SYMBOLS_PRIVATE_EXTERN = NO;
				GCC_WARN_64_TO_32_BIT_CONVERSION = YES;
				GCC_WARN_ABOUT_RETURN_TYPE = YES_ERROR;
				GCC_WARN_UNDECLARED_SELECTOR = YES;
				GCC_WARN_UNINITIALIZED_AUTOS = YES_AGGRESSIVE;
				GCC_WARN_UNUSED_FUNCTION = YES;
				GCC_WARN_UNUSED_VARIABLE = YES;
				IPHONEOS_DEPLOYMENT_TARGET = 8.1;
				MTL_ENABLE_DEBUG_INFO = YES;
				ONLY_ACTIVE_ARCH = YES;
				SDKROOT = iphoneos;
			};
			name = Debug;
		};
		DC7827BF1A6C093D001D416A /* Release */ = {
			isa = XCBuildConfiguration;
			buildSettings = {
				ALWAYS_SEARCH_USER_PATHS = NO;
				CLANG_CXX_LANGUAGE_STANDARD = "gnu++0x";
				CLANG_CXX_LIBRARY = "libc++";
				CLANG_ENABLE_MODULES = YES;
				CLANG_ENABLE_OBJC_ARC = YES;
				CLANG_WARN_BOOL_CONVERSION = YES;
				CLANG_WARN_CONSTANT_CONVERSION = YES;
				CLANG_WARN_DIRECT_OBJC_ISA_USAGE = YES_ERROR;
				CLANG_WARN_EMPTY_BODY = YES;
				CLANG_WARN_ENUM_CONVERSION = YES;
				CLANG_WARN_INT_CONVERSION = YES;
				CLANG_WARN_OBJC_ROOT_CLASS = YES_ERROR;
				CLANG_WARN_UNREACHABLE_CODE = YES;
				CLANG_WARN__DUPLICATE_METHOD_MATCH = YES;
				"CODE_SIGN_IDENTITY[sdk=iphoneos*]" = "iPhone Developer";
				COPY_PHASE_STRIP = YES;
				ENABLE_NS_ASSERTIONS = NO;
				ENABLE_STRICT_OBJC_MSGSEND = YES;
				GCC_C_LANGUAGE_STANDARD = gnu99;
				GCC_WARN_64_TO_32_BIT_CONVERSION = YES;
				GCC_WARN_ABOUT_RETURN_TYPE = YES_ERROR;
				GCC_WARN_UNDECLARED_SELECTOR = YES;
				GCC_WARN_UNINITIALIZED_AUTOS = YES_AGGRESSIVE;
				GCC_WARN_UNUSED_FUNCTION = YES;
				GCC_WARN_UNUSED_VARIABLE = YES;
				IPHONEOS_DEPLOYMENT_TARGET = 8.1;
				MTL_ENABLE_DEBUG_INFO = NO;
				SDKROOT = iphoneos;
				VALIDATE_PRODUCT = YES;
			};
			name = Release;
		};
		DC7827C11A6C093D001D416A /* Debug */ = {
			isa = XCBuildConfiguration;
			buildSettings = {
				ASSETCATALOG_COMPILER_APPICON_NAME = AppIcon;
				INFOPLIST_FILE = Tabu/Info.plist;
				LD_RUNPATH_SEARCH_PATHS = "$(inherited) @executable_path/Frameworks";
				PRODUCT_NAME = "$(TARGET_NAME)";
			};
			name = Debug;
		};
		DC7827C21A6C093D001D416A /* Release */ = {
			isa = XCBuildConfiguration;
			buildSettings = {
				ASSETCATALOG_COMPILER_APPICON_NAME = AppIcon;
				INFOPLIST_FILE = Tabu/Info.plist;
				LD_RUNPATH_SEARCH_PATHS = "$(inherited) @executable_path/Frameworks";
				PRODUCT_NAME = "$(TARGET_NAME)";
			};
			name = Release;
		};
		DC7827C41A6C093D001D416A /* Debug */ = {
			isa = XCBuildConfiguration;
			buildSettings = {
				BUNDLE_LOADER = "$(TEST_HOST)";
				FRAMEWORK_SEARCH_PATHS = (
					"$(SDKROOT)/Developer/Library/Frameworks",
					"$(inherited)",
				);
				GCC_PREPROCESSOR_DEFINITIONS = (
					"DEBUG=1",
					"$(inherited)",
				);
				INFOPLIST_FILE = TabuTests/Info.plist;
				LD_RUNPATH_SEARCH_PATHS = "$(inherited) @executable_path/Frameworks @loader_path/Frameworks";
				PRODUCT_NAME = "$(TARGET_NAME)";
				TEST_HOST = "$(BUILT_PRODUCTS_DIR)/Tabu.app/Tabu";
			};
			name = Debug;
		};
		DC7827C51A6C093D001D416A /* Release */ = {
			isa = XCBuildConfiguration;
			buildSettings = {
				BUNDLE_LOADER = "$(TEST_HOST)";
				FRAMEWORK_SEARCH_PATHS = (
					"$(SDKROOT)/Developer/Library/Frameworks",
					"$(inherited)",
				);
				INFOPLIST_FILE = TabuTests/Info.plist;
				LD_RUNPATH_SEARCH_PATHS = "$(inherited) @executable_path/Frameworks @loader_path/Frameworks";
				PRODUCT_NAME = "$(TARGET_NAME)";
				TEST_HOST = "$(BUILT_PRODUCTS_DIR)/Tabu.app/Tabu";
			};
			name = Release;
		};
/* End XCBuildConfiguration section */

/* Begin XCConfigurationList section */
		DC7827981A6C093D001D416A /* Build configuration list for PBXProject "Tabu" */ = {
			isa = XCConfigurationList;
			buildConfigurations = (
				DC7827BE1A6C093D001D416A /* Debug */,
				DC7827BF1A6C093D001D416A /* Release */,
			);
			defaultConfigurationIsVisible = 0;
			defaultConfigurationName = Release;
		};
		DC7827C01A6C093D001D416A /* Build configuration list for PBXNativeTarget "Tabu" */ = {
			isa = XCConfigurationList;
			buildConfigurations = (
				DC7827C11A6C093D001D416A /* Debug */,
				DC7827C21A6C093D001D416A /* Release */,
			);
			defaultConfigurationIsVisible = 0;
			defaultConfigurationName = Release;
		};
		DC7827C31A6C093D001D416A /* Build configuration list for PBXNativeTarget "TabuTests" */ = {
			isa = XCConfigurationList;
			buildConfigurations = (
				DC7827C41A6C093D001D416A /* Debug */,
				DC7827C51A6C093D001D416A /* Release */,
			);
			defaultConfigurationIsVisible = 0;
			defaultConfigurationName = Release;
		};
/* End XCConfigurationList section */
	};
	rootObject = DC7827951A6C093D001D416A /* Project object */;
}
